
Microsoft Visual Studio Solution File, Format Version 12.00
# Visual Studio Version 16
VisualStudioVersion = 16.0.30907.101
MinimumVisualStudioVersion = 10.0.40219.1
Project("{FAE04EC0-301F-11D3-BF4B-00C04F79EFBC}") = "PhotoOrganizer", "PhotoOrganizer\PhotoOrganizer.csproj", "{952B1A8D-0EA7-4789-97CA-9C3FA5C4429C}"
EndProject
Global
	GlobalSection(SolutionConfigurationPlatforms) = preSolution
		Debug|Any CPU = Debug|Any CPU
		Release|Any CPU = Release|Any CPU
	EndGlobalSection
	GlobalSection(ProjectConfigurationPlatforms) = postSolution
		{952B1A8D-0EA7-4789-97CA-9C3FA5C4429C}.Debug|Any CPU.ActiveCfg = Debug|Any CPU
		{952B1A8D-0EA7-4789-97CA-9C3FA5C4429C}.Debug|Any CPU.Build.0 = Debug|Any CPU
		{952B1A8D-0EA7-4789-97CA-9C3FA5C4429C}.Release|Any CPU.ActiveCfg = Release|Any CPU
		{952B1A8D-0EA7-4789-97CA-9C3FA5C4429C}.Release|Any CPU.Build.0 = Release|Any CPU
	EndGlobalSection
	GlobalSection(SolutionProperties) = preSolution
		HideSolutionNode = FALSE
	EndGlobalSection
	GlobalSection(ExtensibilityGlobals) = postSolution
		SolutionGuid = {59A609B3-7F23-4D97-B528-C1FD391D224A}
	EndGlobalSection
EndGlobal
